// !$*UTF8*$!
{
	archiveVersion = 1;
	classes = {
	};
	objectVersion = 50;
	objects = {

/* Begin PBXBuildFile section */
		9A0EE11421D658A800000544 /* AppDelegate.swift in Sources */ = {isa = PBXBuildFile; fileRef = 9A0EE11321D658A800000544 /* AppDelegate.swift */; };
		9A0EE11621D658A800000544 /* CategoriesVC.swift in Sources */ = {isa = PBXBuildFile; fileRef = 9A0EE11521D658A800000544 /* CategoriesVC.swift */; };
		9A0EE11921D658A800000544 /* Main.storyboard in Resources */ = {isa = PBXBuildFile; fileRef = 9A0EE11721D658A800000544 /* Main.storyboard */; };
		9A0EE11C21D658A800000544 /* Todoey.xcdatamodeld in Sources */ = {isa = PBXBuildFile; fileRef = 9A0EE11A21D658A800000544 /* Todoey.xcdatamodeld */; };
		9A0EE11E21D658A900000544 /* Assets.xcassets in Resources */ = {isa = PBXBuildFile; fileRef = 9A0EE11D21D658A900000544 /* Assets.xcassets */; };
		9A0EE12121D658A900000544 /* LaunchScreen.storyboard in Resources */ = {isa = PBXBuildFile; fileRef = 9A0EE11F21D658A900000544 /* LaunchScreen.storyboard */; };
		9A0EE12B21D6596500000544 /* CategoryCell.swift in Sources */ = {isa = PBXBuildFile; fileRef = 9A0EE12A21D6596500000544 /* CategoryCell.swift */; };
		9A0EE12E21D65A9B00000544 /* CategoryCellXibView.xib in Resources */ = {isa = PBXBuildFile; fileRef = 9A0EE12D21D65A9B00000544 /* CategoryCellXibView.xib */; };
		9A0EE13021D65BCE00000544 /* CategoryCustomViewCell.swift in Sources */ = {isa = PBXBuildFile; fileRef = 9A0EE12F21D65BCE00000544 /* CategoryCustomViewCell.swift */; };
		9A0EE13221D669BA00000544 /* ItemsVC.swift in Sources */ = {isa = PBXBuildFile; fileRef = 9A0EE13121D669BA00000544 /* ItemsVC.swift */; };
		9A0EE13421D66B3900000544 /* ItemCell.swift in Sources */ = {isa = PBXBuildFile; fileRef = 9A0EE13321D66B3900000544 /* ItemCell.swift */; };
		9A0EE13621D66B5400000544 /* ItemCellXibView.xib in Resources */ = {isa = PBXBuildFile; fileRef = 9A0EE13521D66B5400000544 /* ItemCellXibView.xib */; };
		9A0EE13821D66B8900000544 /* ItemCustomViewCell.swift in Sources */ = {isa = PBXBuildFile; fileRef = 9A0EE13721D66B8900000544 /* ItemCustomViewCell.swift */; };
/* End PBXBuildFile section */

/* Begin PBXFileReference section */
		9A0EE11021D658A700000544 /* Todoey.app */ = {isa = PBXFileReference; explicitFileType = wrapper.application; includeInIndex = 0; path = Todoey.app; sourceTree = BUILT_PRODUCTS_DIR; };
		9A0EE11321D658A800000544 /* AppDelegate.swift */ = {isa = PBXFileReference; lastKnownFileType = sourcecode.swift; path = AppDelegate.swift; sourceTree = "<group>"; };
		9A0EE11521D658A800000544 /* CategoriesVC.swift */ = {isa = PBXFileReference; lastKnownFileType = sourcecode.swift; path = CategoriesVC.swift; sourceTree = "<group>"; };
		9A0EE11821D658A800000544 /* Base */ = {isa = PBXFileReference; lastKnownFileType = file.storyboard; name = Base; path = Base.lproj/Main.storyboard; sourceTree = "<group>"; };
		9A0EE11B21D658A800000544 /* Todoey.xcdatamodel */ = {isa = PBXFileReference; lastKnownFileType = wrapper.xcdatamodel; path = Todoey.xcdatamodel; sourceTree = "<group>"; };
		9A0EE11D21D658A900000544 /* Assets.xcassets */ = {isa = PBXFileReference; lastKnownFileType = folder.assetcatalog; path = Assets.xcassets; sourceTree = "<group>"; };
		9A0EE12021D658A900000544 /* Base */ = {isa = PBXFileReference; lastKnownFileType = file.storyboard; name = Base; path = Base.lproj/LaunchScreen.storyboard; sourceTree = "<group>"; };
		9A0EE12221D658A900000544 /* Info.plist */ = {isa = PBXFileReference; lastKnownFileType = text.plist.xml; path = Info.plist; sourceTree = "<group>"; };
		9A0EE12A21D6596500000544 /* CategoryCell.swift */ = {isa = PBXFileReference; lastKnownFileType = sourcecode.swift; path = CategoryCell.swift; sourceTree = "<group>"; };
		9A0EE12D21D65A9B00000544 /* CategoryCellXibView.xib */ = {isa = PBXFileReference; lastKnownFileType = file.xib; path = CategoryCellXibView.xib; sourceTree = "<group>"; };
		9A0EE12F21D65BCE00000544 /* CategoryCustomViewCell.swift */ = {isa = PBXFileReference; lastKnownFileType = sourcecode.swift; path = CategoryCustomViewCell.swift; sourceTree = "<group>"; };
		9A0EE13121D669BA00000544 /* ItemsVC.swift */ = {isa = PBXFileReference; lastKnownFileType = sourcecode.swift; path = ItemsVC.swift; sourceTree = "<group>"; };
		9A0EE13321D66B3900000544 /* ItemCell.swift */ = {isa = PBXFileReference; lastKnownFileType = sourcecode.swift; path = ItemCell.swift; sourceTree = "<group>"; };
		9A0EE13521D66B5400000544 /* ItemCellXibView.xib */ = {isa = PBXFileReference; lastKnownFileType = file.xib; path = ItemCellXibView.xib; sourceTree = "<group>"; };
		9A0EE13721D66B8900000544 /* ItemCustomViewCell.swift */ = {isa = PBXFileReference; lastKnownFileType = sourcecode.swift; path = ItemCustomViewCell.swift; sourceTree = "<group>"; };
/* End PBXFileReference section */

/* Begin PBXFrameworksBuildPhase section */
		9A0EE10D21D658A700000544 /* Frameworks */ = {
			isa = PBXFrameworksBuildPhase;
			buildActionMask = 2147483647;
			files = (
			);
			runOnlyForDeploymentPostprocessing = 0;
		};
/* End PBXFrameworksBuildPhase section */

/* Begin PBXGroup section */
		9A0EE10721D658A700000544 = {
			isa = PBXGroup;
			children = (
				9A0EE11221D658A800000544 /* Todoey */,
				9A0EE11121D658A700000544 /* Products */,
			);
			sourceTree = "<group>";
		};
		9A0EE11121D658A700000544 /* Products */ = {
			isa = PBXGroup;
			children = (
				9A0EE11021D658A700000544 /* Todoey.app */,
			);
			name = Products;
			sourceTree = "<group>";
		};
		9A0EE11221D658A800000544 /* Todoey */ = {
			isa = PBXGroup;
			children = (
				9A0EE13921D66EC200000544 /* Cells */,
				9A0EE12C21D65A7D00000544 /* Xib Views */,
				9A0EE12921D6592C00000544 /* Controllers */,
				9A0EE12821D6591C00000544 /* Views */,
				9A0EE11321D658A800000544 /* AppDelegate.swift */,
				9A0EE11721D658A800000544 /* Main.storyboard */,
				9A0EE11D21D658A900000544 /* Assets.xcassets */,
				9A0EE11F21D658A900000544 /* LaunchScreen.storyboard */,
				9A0EE12221D658A900000544 /* Info.plist */,
				9A0EE11A21D658A800000544 /* Todoey.xcdatamodeld */,
			);
			path = Todoey;
			sourceTree = "<group>";
		};
		9A0EE12821D6591C00000544 /* Views */ = {
			isa = PBXGroup;
			children = (
				9A0EE12F21D65BCE00000544 /* CategoryCustomViewCell.swift */,
				9A0EE13721D66B8900000544 /* ItemCustomViewCell.swift */,
			);
			path = Views;
			sourceTree = "<group>";
		};
		9A0EE12921D6592C00000544 /* Controllers */ = {
			isa = PBXGroup;
			children = (
				9A0EE11521D658A800000544 /* CategoriesVC.swift */,
				9A0EE13121D669BA00000544 /* ItemsVC.swift */,
			);
			path = Controllers;
			sourceTree = "<group>";
		};
		9A0EE12C21D65A7D00000544 /* Xib Views */ = {
			isa = PBXGroup;
			children = (
				9A0EE12D21D65A9B00000544 /* CategoryCellXibView.xib */,
				9A0EE13521D66B5400000544 /* ItemCellXibView.xib */,
			);
			path = "Xib Views";
			sourceTree = "<group>";
		};
		9A0EE13921D66EC200000544 /* Cells */ = {
			isa = PBXGroup;
			children = (
				9A0EE12A21D6596500000544 /* CategoryCell.swift */,
				9A0EE13321D66B3900000544 /* ItemCell.swift */,
			);
			path = Cells;
			sourceTree = "<group>";
		};
/* End PBXGroup section */

/* Begin PBXNativeTarget section */
		9A0EE10F21D658A700000544 /* Todoey */ = {
			isa = PBXNativeTarget;
			buildConfigurationList = 9A0EE12521D658A900000544 /* Build configuration list for PBXNativeTarget "Todoey" */;
			buildPhases = (
				9A0EE10C21D658A700000544 /* Sources */,
				9A0EE10D21D658A700000544 /* Frameworks */,
				9A0EE10E21D658A700000544 /* Resources */,
			);
			buildRules = (
			);
			dependencies = (
			);
			name = Todoey;
			productName = Todoey;
			productReference = 9A0EE11021D658A700000544 /* Todoey.app */;
			productType = "com.apple.product-type.application";
		};
/* End PBXNativeTarget section */

/* Begin PBXProject section */
		9A0EE10821D658A700000544 /* Project object */ = {
			isa = PBXProject;
			attributes = {
				LastSwiftUpdateCheck = 1010;
				LastUpgradeCheck = 1010;
				ORGANIZATIONNAME = "Waleed Saad";
				TargetAttributes = {
					9A0EE10F21D658A700000544 = {
						CreatedOnToolsVersion = 10.1;
					};
				};
			};
			buildConfigurationList = 9A0EE10B21D658A700000544 /* Build configuration list for PBXProject "Todoey" */;
			compatibilityVersion = "Xcode 9.3";
			developmentRegion = en;
			hasScannedForEncodings = 0;
			knownRegions = (
				en,
				Base,
			);
			mainGroup = 9A0EE10721D658A700000544;
			productRefGroup = 9A0EE11121D658A700000544 /* Products */;
			projectDirPath = "";
			projectRoot = "";
			targets = (
				9A0EE10F21D658A700000544 /* Todoey */,
			);
		};
/* End PBXProject section */

/* Begin PBXResourcesBuildPhase section */
		9A0EE10E21D658A700000544 /* Resources */ = {
			isa = PBXResourcesBuildPhase;
			buildActionMask = 2147483647;
			files = (
				9A0EE12E21D65A9B00000544 /* CategoryCellXibView.xib in Resources */,
				9A0EE12121D658A900000544 /* LaunchScreen.storyboard in Resources */,
				9A0EE11E21D658A900000544 /* Assets.xcassets in Resources */,
				9A0EE13621D66B5400000544 /* ItemCellXibView.xib in Resources */,
				9A0EE11921D658A800000544 /* Main.storyboard in Resources */,
			);
			runOnlyForDeploymentPostprocessing = 0;
		};
/* End PBXResourcesBuildPhase section */

/* Begin PBXSourcesBuildPhase section */
		9A0EE10C21D658A700000544 /* Sources */ = {
			isa = PBXSourcesBuildPhase;
			buildActionMask = 2147483647;
			files = (
				9A0EE13821D66B8900000544 /* ItemCustomViewCell.swift in Sources */,
				9A0EE13021D65BCE00000544 /* CategoryCustomViewCell.swift in Sources */,
				9A0EE13221D669BA00000544 /* ItemsVC.swift in Sources */,
				9A0EE11621D658A800000544 /* CategoriesVC.swift in Sources */,
				9A0EE11421D658A800000544 /* AppDelegate.swift in Sources */,
				9A0EE13421D66B3900000544 /* ItemCell.swift in Sources */,
				9A0EE11C21D658A800000544 /* Todoey.xcdatamodeld in Sources */,
				9A0EE12B21D6596500000544 /* CategoryCell.swift in Sources */,
			);
			runOnlyForDeploymentPostprocessing = 0;
		};
/* End PBXSourcesBuildPhase section */

/* Begin PBXVariantGroup section */
		9A0EE11721D658A800000544 /* Main.storyboard */ = {
			isa = PBXVariantGroup;
			children = (
				9A0EE11821D658A800000544 /* Base */,
			);
			name = Main.storyboard;
			sourceTree = "<group>";
		};
		9A0EE11F21D658A900000544 /* LaunchScreen.storyboard */ = {
			isa = PBXVariantGroup;
			children = (
				9A0EE12021D658A900000544 /* Base */,
			);
			name = LaunchScreen.storyboard;
			sourceTree = "<group>";
		};
/* End PBXVariantGroup section */

/* Begin XCBuildConfiguration section */
		9A0EE12321D658A900000544 /* Debug */ = {
			isa = XCBuildConfiguration;
			buildSettings = {
				ALWAYS_SEARCH_USER_PATHS = NO;
				CLANG_ANALYZER_NONNULL = YES;
				CLANG_ANALYZER_NUMBER_OBJECT_CONVERSION = YES_AGGRESSIVE;
				CLANG_CXX_LANGUAGE_STANDARD = "gnu++14";
				CLANG_CXX_LIBRARY = "libc++";
				CLANG_ENABLE_MODULES = YES;
				CLANG_ENABLE_OBJC_ARC = YES;
				CLANG_ENABLE_OBJC_WEAK = YES;
				CLANG_WARN_BLOCK_CAPTURE_AUTORELEASING = YES;
				CLANG_WARN_BOOL_CONVERSION = YES;
				CLANG_WARN_COMMA = YES;
				CLANG_WARN_CONSTANT_CONVERSION = YES;
				CLANG_WARN_DEPRECATED_OBJC_IMPLEMENTATIONS = YES;
				CLANG_WARN_DIRECT_OBJC_ISA_USAGE = YES_ERROR;
				CLANG_WARN_DOCUMENTATION_COMMENTS = YES;
				CLANG_WARN_EMPTY_BODY = YES;
				CLANG_WARN_ENUM_CONVERSION = YES;
				CLANG_WARN_INFINITE_RECURSION = YES;
				CLANG_WARN_INT_CONVERSION = YES;
				CLANG_WARN_NON_LITERAL_NULL_CONVERSION = YES;
				CLANG_WARN_OBJC_IMPLICIT_RETAIN_SELF = YES;
				CLANG_WARN_OBJC_LITERAL_CONVERSION = YES;
				CLANG_WARN_OBJC_ROOT_CLASS = YES_ERROR;
				CLANG_WARN_RANGE_LOOP_ANALYSIS = YES;
				CLANG_WARN_STRICT_PROTOTYPES = YES;
				CLANG_WARN_SUSPICIOUS_MOVE = YES;
				CLANG_WARN_UNGUARDED_AVAILABILITY = YES_AGGRESSIVE;
				CLANG_WARN_UNREACHABLE_CODE = YES;
				CLANG_WARN__DUPLICATE_METHOD_MATCH = YES;
				CODE_SIGN_IDENTITY = "iPhone Developer";
				COPY_PHASE_STRIP = NO;
				DEBUG_INFORMATION_FORMAT = dwarf;
				ENABLE_STRICT_OBJC_MSGSEND = YES;
				ENABLE_TESTABILITY = YES;
				GCC_C_LANGUAGE_STANDARD = gnu11;
				GCC_DYNAMIC_NO_PIC = NO;
				GCC_NO_COMMON_BLOCKS = YES;
				GCC_OPTIMIZATION_LEVEL = 0;
				GCC_PREPROCESSOR_DEFINITIONS = (
					"DEBUG=1",
					"$(inherited)",
				);
				GCC_WARN_64_TO_32_BIT_CONVERSION = YES;
				GCC_WARN_ABOUT_RETURN_TYPE = YES_ERROR;
				GCC_WARN_UNDECLARED_SELECTOR = YES;
				GCC_WARN_UNINITIALIZED_AUTOS = YES_AGGRESSIVE;
				GCC_WARN_UNUSED_FUNCTION = YES;
				GCC_WARN_UNUSED_VARIABLE = YES;
				IPHONEOS_DEPLOYMENT_TARGET = 12.1;
				MTL_ENABLE_DEBUG_INFO = INCLUDE_SOURCE;
				MTL_FAST_MATH = YES;
				ONLY_ACTIVE_ARCH = YES;
				SDKROOT = iphoneos;
				SWIFT_ACTIVE_COMPILATION_CONDITIONS = DEBUG;
				SWIFT_OPTIMIZATION_LEVEL = "-Onone";
			};
			name = Debug;
		};
		9A0EE12421D658A900000544 /* Release */ = {
			isa = XCBuildConfiguration;
			buildSettings = {
				ALWAYS_SEARCH_USER_PATHS = NO;
				CLANG_ANALYZER_NONNULL = YES;
				CLANG_ANALYZER_NUMBER_OBJECT_CONVERSION = YES_AGGRESSIVE;
				CLANG_CXX_LANGUAGE_STANDARD = "gnu++14";
				CLANG_CXX_LIBRARY = "libc++";
				CLANG_ENABLE_MODULES = YES;
				CLANG_ENABLE_OBJC_ARC = YES;
				CLANG_ENABLE_OBJC_WEAK = YES;
				CLANG_WARN_BLOCK_CAPTURE_AUTORELEASING = YES;
				CLANG_WARN_BOOL_CONVERSION = YES;
				CLANG_WARN_COMMA = YES;
				CLANG_WARN_CONSTANT_CONVERSION = YES;
				CLANG_WARN_DEPRECATED_OBJC_IMPLEMENTATIONS = YES;
				CLANG_WARN_DIRECT_OBJC_ISA_USAGE = YES_ERROR;
				CLANG_WARN_DOCUMENTATION_COMMENTS = YES;
				CLANG_WARN_EMPTY_BODY = YES;
				CLANG_WARN_ENUM_CONVERSION = YES;
				CLANG_WARN_INFINITE_RECURSION = YES;
				CLANG_WARN_INT_CONVERSION = YES;
				CLANG_WARN_NON_LITERAL_NULL_CONVERSION = YES;
				CLANG_WARN_OBJC_IMPLICIT_RETAIN_SELF = YES;
				CLANG_WARN_OBJC_LITERAL_CONVERSION = YES;
				CLANG_WARN_OBJC_ROOT_CLASS = YES_ERROR;
				CLANG_WARN_RANGE_LOOP_ANALYSIS = YES;
				CLANG_WARN_STRICT_PROTOTYPES = YES;
				CLANG_WARN_SUSPICIOUS_MOVE = YES;
				CLANG_WARN_UNGUARDED_AVAILABILITY = YES_AGGRESSIVE;
				CLANG_WARN_UNREACHABLE_CODE = YES;
				CLANG_WARN__DUPLICATE_METHOD_MATCH = YES;
				CODE_SIGN_IDENTITY = "iPhone Developer";
				COPY_PHASE_STRIP = NO;
				DEBUG_INFORMATION_FORMAT = "dwarf-with-dsym";
				ENABLE_NS_ASSERTIONS = NO;
				ENABLE_STRICT_OBJC_MSGSEND = YES;
				GCC_C_LANGUAGE_STANDARD = gnu11;
				GCC_NO_COMMON_BLOCKS = YES;
				GCC_WARN_64_TO_32_BIT_CONVERSION = YES;
				GCC_WARN_ABOUT_RETURN_TYPE = YES_ERROR;
				GCC_WARN_UNDECLARED_SELECTOR = YES;
				GCC_WARN_UNINITIALIZED_AUTOS = YES_AGGRESSIVE;
				GCC_WARN_UNUSED_FUNCTION = YES;
				GCC_WARN_UNUSED_VARIABLE = YES;
				IPHONEOS_DEPLOYMENT_TARGET = 12.1;
				MTL_ENABLE_DEBUG_INFO = NO;
				MTL_FAST_MATH = YES;
				SDKROOT = iphoneos;
				SWIFT_COMPILATION_MODE = wholemodule;
				SWIFT_OPTIMIZATION_LEVEL = "-O";
				VALIDATE_PRODUCT = YES;
			};
			name = Release;
		};
		9A0EE12621D658A900000544 /* Debug */ = {
			isa = XCBuildConfiguration;
			buildSettings = {
				ASSETCATALOG_COMPILER_APPICON_NAME = AppIcon;
				CODE_SIGN_STYLE = Automatic;
				DEVELOPMENT_TEAM = 9ZQYXKN3W6;
				INFOPLIST_FILE = Todoey/Info.plist;
				LD_RUNPATH_SEARCH_PATHS = (
					"$(inherited)",
					"@executable_path/Frameworks",
				);
				PRODUCT_BUNDLE_IDENTIFIER = waleedsaad.Todoey;
				PRODUCT_NAME = "$(TARGET_NAME)";
				SWIFT_VERSION = 4.2;
				TARGETED_DEVICE_FAMILY = "1,2";
			};
			name = Debug;
		};
		9A0EE12721D658A900000544 /* Release */ = {
			isa = XCBuildConfiguration;
			buildSettings = {
				ASSETCATALOG_COMPILER_APPICON_NAME = AppIcon;
				CODE_SIGN_STYLE = Automatic;
				DEVELOPMENT_TEAM = 9ZQYXKN3W6;
				INFOPLIST_FILE = Todoey/Info.plist;
				LD_RUNPATH_SEARCH_PATHS = (
					"$(inherited)",
					"@executable_path/Frameworks",
				);
				PRODUCT_BUNDLE_IDENTIFIER = waleedsaad.Todoey;
				PRODUCT_NAME = "$(TARGET_NAME)";
				SWIFT_VERSION = 4.2;
				TARGETED_DEVICE_FAMILY = "1,2";
			};
			name = Release;
		};
/* End XCBuildConfiguration section */

/* Begin XCConfigurationList section */
		9A0EE10B21D658A700000544 /* Build configuration list for PBXProject "Todoey" */ = {
			isa = XCConfigurationList;
			buildConfigurations = (
				9A0EE12321D658A900000544 /* Debug */,
				9A0EE12421D658A900000544 /* Release */,
			);
			defaultConfigurationIsVisible = 0;
			defaultConfigurationName = Release;
		};
		9A0EE12521D658A900000544 /* Build configuration list for PBXNativeTarget "Todoey" */ = {
			isa = XCConfigurationList;
			buildConfigurations = (
				9A0EE12621D658A900000544 /* Debug */,
				9A0EE12721D658A900000544 /* Release */,
			);
			defaultConfigurationIsVisible = 0;
			defaultConfigurationName = Release;
		};
/* End XCConfigurationList section */

/* Begin XCVersionGroup section */
		9A0EE11A21D658A800000544 /* Todoey.xcdatamodeld */ = {
			isa = XCVersionGroup;
			children = (
				9A0EE11B21D658A800000544 /* Todoey.xcdatamodel */,
			);
			currentVersion = 9A0EE11B21D658A800000544 /* Todoey.xcdatamodel */;
			path = Todoey.xcdatamodeld;
			sourceTree = "<group>";
			versionGroupType = wrapper.xcdatamodel;
		};
/* End XCVersionGroup section */
	};
	rootObject = 9A0EE10821D658A700000544 /* Project object */;
}
